
Microsoft Visual Studio Solution File, Format Version 12.00
# Visual Studio Version 17
VisualStudioVersion = 17.4.33205.214
MinimumVisualStudioVersion = 10.0.40219.1
Project("{FAE04EC0-301F-11D3-BF4B-00C04F79EFBC}") = "WebSystem.Entity", "WebSystem.Entity\WebSystem.Entity.csproj", "{AC302243-70EE-40BD-AF80-7CC5EF6C19EF}"
EndProject
Project("{FAE04EC0-301F-11D3-BF4B-00C04F79EFBC}") = "WebSystem.DataAccess", "WebSystem.DataAccess\WebSystem.DataAccess.csproj", "{7E86C09C-F60B-4432-8F63-57B26049065E}"
EndProject
Project("{FAE04EC0-301F-11D3-BF4B-00C04F79EFBC}") = "WebSystem.Logic", "WebSystem.Logic\WebSystem.Logic.csproj", "{DACB283D-9DD2-4E76-AEB7-FADBF91C77F6}"
EndProject
Project("{FAE04EC0-301F-11D3-BF4B-00C04F79EFBC}") = "WebSystem.Dependencies", "WebSystem.Dependencies\WebSystem.Dependencies.csproj", "{27A00E56-680D-4108-AC0C-E6759EE8B19A}"
EndProject
Project("{FAE04EC0-301F-11D3-BF4B-00C04F79EFBC}") = "REST_Services", "REST_Services\REST_Services.csproj", "{2F5D7012-C8CD-4E5B-8263-56CAFDCD3827}"
EndProject
Global
	GlobalSection(SolutionConfigurationPlatforms) = preSolution
		Debug|Any CPU = Debug|Any CPU
		Release|Any CPU = Release|Any CPU
	EndGlobalSection
	GlobalSection(ProjectConfigurationPlatforms) = postSolution
		{AC302243-70EE-40BD-AF80-7CC5EF6C19EF}.Debug|Any CPU.ActiveCfg = Debug|Any CPU
		{AC302243-70EE-40BD-AF80-7CC5EF6C19EF}.Debug|Any CPU.Build.0 = Debug|Any CPU
		{AC302243-70EE-40BD-AF80-7CC5EF6C19EF}.Release|Any CPU.ActiveCfg = Release|Any CPU
		{AC302243-70EE-40BD-AF80-7CC5EF6C19EF}.Release|Any CPU.Build.0 = Release|Any CPU
		{7E86C09C-F60B-4432-8F63-57B26049065E}.Debug|Any CPU.ActiveCfg = Debug|Any CPU
		{7E86C09C-F60B-4432-8F63-57B26049065E}.Debug|Any CPU.Build.0 = Debug|Any CPU
		{7E86C09C-F60B-4432-8F63-57B26049065E}.Release|Any CPU.ActiveCfg = Release|Any CPU
		{7E86C09C-F60B-4432-8F63-57B26049065E}.Release|Any CPU.Build.0 = Release|Any CPU
		{DACB283D-9DD2-4E76-AEB7-FADBF91C77F6}.Debug|Any CPU.ActiveCfg = Debug|Any CPU
		{DACB283D-9DD2-4E76-AEB7-FADBF91C77F6}.Debug|Any CPU.Build.0 = Debug|Any CPU
		{DACB283D-9DD2-4E76-AEB7-FADBF91C77F6}.Release|Any CPU.ActiveCfg = Release|Any CPU
		{DACB283D-9DD2-4E76-AEB7-FADBF91C77F6}.Release|Any CPU.Build.0 = Release|Any CPU
		{27A00E56-680D-4108-AC0C-E6759EE8B19A}.Debug|Any CPU.ActiveCfg = Debug|Any CPU
		{27A00E56-680D-4108-AC0C-E6759EE8B19A}.Debug|Any CPU.Build.0 = Debug|Any CPU
		{27A00E56-680D-4108-AC0C-E6759EE8B19A}.Release|Any CPU.ActiveCfg = Release|Any CPU
		{27A00E56-680D-4108-AC0C-E6759EE8B19A}.Release|Any CPU.Build.0 = Release|Any CPU
		{2F5D7012-C8CD-4E5B-8263-56CAFDCD3827}.Debug|Any CPU.ActiveCfg = Debug|Any CPU
		{2F5D7012-C8CD-4E5B-8263-56CAFDCD3827}.Debug|Any CPU.Build.0 = Debug|Any CPU
		{2F5D7012-C8CD-4E5B-8263-56CAFDCD3827}.Release|Any CPU.ActiveCfg = Release|Any CPU
		{2F5D7012-C8CD-4E5B-8263-56CAFDCD3827}.Release|Any CPU.Build.0 = Release|Any CPU
	EndGlobalSection
	GlobalSection(SolutionProperties) = preSolution
		HideSolutionNode = FALSE
	EndGlobalSection
	GlobalSection(ExtensibilityGlobals) = postSolution
		SolutionGuid = {6EB617EC-D9C1-48B1-B975-42291C9B58A5}
	EndGlobalSection
EndGlobal
