
Microsoft Visual Studio Solution File, Format Version 12.00
# Visual Studio Version 17
VisualStudioVersion = 17.4.33205.214
MinimumVisualStudioVersion = 10.0.40219.1
Project("{FAE04EC0-301F-11D3-BF4B-00C04F79EFBC}") = "ADataAccess", "ADataAccess\ADataAccess.csproj", "{CD26D81C-353F-4CC0-A8A3-06AA983616A4}"
EndProject
Project("{FAE04EC0-301F-11D3-BF4B-00C04F79EFBC}") = "Data", "Data\Data.csproj", "{2BFD213B-1A83-476D-B965-3E2460B15EBD}"
EndProject
Project("{FAE04EC0-301F-11D3-BF4B-00C04F79EFBC}") = "Logic", "Logic\Logic.csproj", "{2311D98A-34AC-411C-9B79-B66FEDE1BC77}"
EndProject
Project("{FAE04EC0-301F-11D3-BF4B-00C04F79EFBC}") = "REST_Services", "REST_Services\REST_Services.csproj", "{99B74E37-023F-49A9-A3C4-3C3EAAB083C3}"
EndProject
Project("{FAE04EC0-301F-11D3-BF4B-00C04F79EFBC}") = "IOC", "IOC\IOC.csproj", "{059F198D-9292-4B29-9E5E-BD8FAB051448}"
EndProject
Global
	GlobalSection(SolutionConfigurationPlatforms) = preSolution
		Debug|Any CPU = Debug|Any CPU
		Release|Any CPU = Release|Any CPU
	EndGlobalSection
	GlobalSection(ProjectConfigurationPlatforms) = postSolution
		{CD26D81C-353F-4CC0-A8A3-06AA983616A4}.Debug|Any CPU.ActiveCfg = Debug|Any CPU
		{CD26D81C-353F-4CC0-A8A3-06AA983616A4}.Debug|Any CPU.Build.0 = Debug|Any CPU
		{CD26D81C-353F-4CC0-A8A3-06AA983616A4}.Release|Any CPU.ActiveCfg = Release|Any CPU
		{CD26D81C-353F-4CC0-A8A3-06AA983616A4}.Release|Any CPU.Build.0 = Release|Any CPU
		{2BFD213B-1A83-476D-B965-3E2460B15EBD}.Debug|Any CPU.ActiveCfg = Debug|Any CPU
		{2BFD213B-1A83-476D-B965-3E2460B15EBD}.Debug|Any CPU.Build.0 = Debug|Any CPU
		{2BFD213B-1A83-476D-B965-3E2460B15EBD}.Release|Any CPU.ActiveCfg = Release|Any CPU
		{2BFD213B-1A83-476D-B965-3E2460B15EBD}.Release|Any CPU.Build.0 = Release|Any CPU
		{2311D98A-34AC-411C-9B79-B66FEDE1BC77}.Debug|Any CPU.ActiveCfg = Debug|Any CPU
		{2311D98A-34AC-411C-9B79-B66FEDE1BC77}.Debug|Any CPU.Build.0 = Debug|Any CPU
		{2311D98A-34AC-411C-9B79-B66FEDE1BC77}.Release|Any CPU.ActiveCfg = Release|Any CPU
		{2311D98A-34AC-411C-9B79-B66FEDE1BC77}.Release|Any CPU.Build.0 = Release|Any CPU
		{99B74E37-023F-49A9-A3C4-3C3EAAB083C3}.Debug|Any CPU.ActiveCfg = Debug|Any CPU
		{99B74E37-023F-49A9-A3C4-3C3EAAB083C3}.Debug|Any CPU.Build.0 = Debug|Any CPU
		{99B74E37-023F-49A9-A3C4-3C3EAAB083C3}.Release|Any CPU.ActiveCfg = Release|Any CPU
		{99B74E37-023F-49A9-A3C4-3C3EAAB083C3}.Release|Any CPU.Build.0 = Release|Any CPU
		{059F198D-9292-4B29-9E5E-BD8FAB051448}.Debug|Any CPU.ActiveCfg = Debug|Any CPU
		{059F198D-9292-4B29-9E5E-BD8FAB051448}.Debug|Any CPU.Build.0 = Debug|Any CPU
		{059F198D-9292-4B29-9E5E-BD8FAB051448}.Release|Any CPU.ActiveCfg = Release|Any CPU
		{059F198D-9292-4B29-9E5E-BD8FAB051448}.Release|Any CPU.Build.0 = Release|Any CPU
	EndGlobalSection
	GlobalSection(SolutionProperties) = preSolution
		HideSolutionNode = FALSE
	EndGlobalSection
	GlobalSection(ExtensibilityGlobals) = postSolution
		SolutionGuid = {ED5252C0-10D4-4B10-BD75-E3DF786672D0}
	EndGlobalSection
EndGlobal
